{
  "name": "frame-vedio-player",
  "version": "0.0.0",
  "lockfileVersion": 2,
  "requires": true,
  "packages": {
    "": {
      "name": "frame-vedio-player",
      "version": "0.0.0",
      "dependencies": {
        "element-plus": "^2.2.2",
        "normalize.css": "^8.0.1",
        "three": "^0.141.0",
        "vue": "^3.2.25"
      },
      "devDependencies": {
        "@vitejs/plugin-vue": "^2.3.3",
        "vite": "^2.9.9"
      }
    },
    "node_modules/@babel/parser": {
      "version": "7.18.4",
      "resolved": "https://registry.npmmirror.com/@babel/parser/-/parser-7.18.4.tgz",
      "integrity": "sha512-FDge0dFazETFcxGw/EXzOkN8uJp0PC7Qbm+Pe9T+av2zlBpOgunFHkQPPn+eRuClU73JF+98D531UgayY89tow==",
      "license": "MIT",
      "bin": {
        "parser": "bin/babel-parser.js"
      },
      "engines": {
        "node": ">=6.0.0"
      }
    },
    "node_modules/@ctrl/tinycolor": {
      "version": "3.4.1",
      "resolved": "https://registry.npmmirror.com/@ctrl/tinycolor/-/tinycolor-3.4.1.tgz",
      "integrity": "sha512-ej5oVy6lykXsvieQtqZxCOaLT+xD4+QNarq78cIYISHmZXshCvROLudpQN3lfL8G0NL7plMSSK+zlyvCaIJ4Iw==",
      "engines": {
        "node": ">=10"
      }
    },
    "node_modules/@element-plus/icons-vue": {
      "version": "1.1.4",
      "resolved": "https://registry.npmmirror.com/@element-plus/icons-vue/-/icons-vue-1.1.4.tgz",
      "integrity": "sha512-Iz/nHqdp1sFPmdzRwHkEQQA3lKvoObk8azgABZ81QUOpW9s/lUyQVUSh0tNtEPZXQlKwlSh7SPgoVxzrE0uuVQ==",
      "peerDependencies": {
        "vue": "^3.2.0"
      }
    },
    "node_modules/@floating-ui/core": {
      "version": "0.7.2",
      "resolved": "https://registry.npmmirror.com/@floating-ui/core/-/core-0.7.2.tgz",
      "integrity": "sha512-FRVAkSNU/vGXLIsgbggcs70GkXKEOXgBBbNpYPNHSaKsCAMMd00NrjbtKTesxkdv9xm9N3+XiDlcFGY6WnatBg=="
    },
    "node_modules/@floating-ui/dom": {
      "version": "0.5.2",
      "resolved": "https://registry.npmmirror.com/@floating-ui/dom/-/dom-0.5.2.tgz",
      "integrity": "sha512-z1DnEa7F3d8Fm/eXSbii8UEGpcjZGkQaYYUI0WpEVgD3vBfebDW8j/3ysusxonuMexoigA+A3b/fYH7sEqiwyg==",
      "dependencies": {
        "@floating-ui/core": "^0.7.2"
      }
    },
    "node_modules/@popperjs/core": {
      "name": "@sxzz/popperjs-es",
      "version": "2.11.7",
      "resolved": "https://registry.npmmirror.com/@sxzz/popperjs-es/-/popperjs-es-2.11.7.tgz",
      "integrity": "sha512-Ccy0NlLkzr0Ex2FKvh2X+OyERHXJ88XJ1MXtsI9y9fGexlaXaVTPzBCRBwIxFkORuOb+uBqeu+RqnpgYTEZRUQ=="
    },
    "node_modules/@types/lodash": {
      "version": "4.14.182",
      "resolved": "https://registry.npmmirror.com/@types/lodash/-/lodash-4.14.182.tgz",
      "integrity": "sha512-/THyiqyQAP9AfARo4pF+aCGcyiQ94tX/Is2I7HofNRqoYLgN1PBoOWu2/zTA5zMxzP5EFutMtWtGAFRKUe961Q=="
    },
    "node_modules/@types/lodash-es": {
      "version": "4.17.6",
      "resolved": "https://registry.npmmirror.com/@types/lodash-es/-/lodash-es-4.17.6.tgz",
      "integrity": "sha512-R+zTeVUKDdfoRxpAryaQNRKk3105Rrgx2CFRClIgRGaqDTdjsm8h6IYA8ir584W3ePzkZfst5xIgDwYrlh9HLg==",
      "dependencies": {
        "@types/lodash": "*"
      }
    },
    "node_modules/@vitejs/plugin-vue": {
      "version": "2.3.3",
      "resolved": "https://registry.npmmirror.com/@vitejs/plugin-vue/-/plugin-vue-2.3.3.tgz",
      "integrity": "sha512-SmQLDyhz+6lGJhPELsBdzXGc+AcaT8stgkbiTFGpXPe8Tl1tJaBw1A6pxDqDuRsVkD8uscrkx3hA7QDOoKYtyw==",
      "dev": true,
      "license": "MIT",
      "engines": {
        "node": ">=12.0.0"
      },
      "peerDependencies": {
        "vite": "^2.5.10",
        "vue": "^3.2.25"
      }
    },
    "node_modules/@vue/compiler-core": {
      "version": "3.2.36",
      "resolved": "https://registry.npmmirror.com/@vue/compiler-core/-/compiler-core-3.2.36.tgz",
      "integrity": "sha512-bbyZM5hvBicv0PW3KUfVi+x3ylHnfKG7DOn5wM+f2OztTzTjLEyBb/5yrarIYpmnGitVGbjZqDbODyW4iK8hqw==",
      "license": "MIT",
      "dependencies": {
        "@babel/parser": "^7.16.4",
        "@vue/shared": "3.2.36",
        "estree-walker": "^2.0.2",
        "source-map": "^0.6.1"
      }
    },
    "node_modules/@vue/compiler-dom": {
      "version": "3.2.36",
      "resolved": "https://registry.npmmirror.com/@vue/compiler-dom/-/compiler-dom-3.2.36.tgz",
      "integrity": "sha512-tcOTAOiW4s24QLnq+ON6J+GRONXJ+A/mqKCORi0LSlIh8XQlNnlm24y8xIL8la+ZDgkdbjarQ9ZqYSvEja6gVA==",
      "license": "MIT",
      "dependencies": {
        "@vue/compiler-core": "3.2.36",
        "@vue/shared": "3.2.36"
      }
    },
    "node_modules/@vue/compiler-sfc": {
      "version": "3.2.36",
      "resolved": "https://registry.npmmirror.com/@vue/compiler-sfc/-/compiler-sfc-3.2.36.tgz",
      "integrity": "sha512-AvGb4bTj4W8uQ4BqaSxo7UwTEqX5utdRSMyHy58OragWlt8nEACQ9mIeQh3K4di4/SX+41+pJrLIY01lHAOFOA==",
      "license": "MIT",
      "dependencies": {
        "@babel/parser": "^7.16.4",
        "@vue/compiler-core": "3.2.36",
        "@vue/compiler-dom": "3.2.36",
        "@vue/compiler-ssr": "3.2.36",
        "@vue/reactivity-transform": "3.2.36",
        "@vue/shared": "3.2.36",
        "estree-walker": "^2.0.2",
        "magic-string": "^0.25.7",
        "postcss": "^8.1.10",
        "source-map": "^0.6.1"
      }
    },
    "node_modules/@vue/compiler-ssr": {
      "version": "3.2.36",
      "resolved": "https://registry.npmmirror.com/@vue/compiler-ssr/-/compiler-ssr-3.2.36.tgz",
      "integrity": "sha512-+KugInUFRvOxEdLkZwE+W43BqHyhBh0jpYXhmqw1xGq2dmE6J9eZ8UUSOKNhdHtQ/iNLWWeK/wPZkVLUf3YGaw==",
      "license": "MIT",
      "dependencies": {
        "@vue/compiler-dom": "3.2.36",
        "@vue/shared": "3.2.36"
      }
    },
    "node_modules/@vue/reactivity": {
      "version": "3.2.36",
      "resolved": "https://registry.npmmirror.com/@vue/reactivity/-/reactivity-3.2.36.tgz",
      "integrity": "sha512-c2qvopo0crh9A4GXi2/2kfGYMxsJW4tVILrqRPydVGZHhq0fnzy6qmclWOhBFckEhmyxmpHpdJtIRYGeKcuhnA==",
      "license": "MIT",
      "dependencies": {
        "@vue/shared": "3.2.36"
      }
    },
    "node_modules/@vue/reactivity-transform": {
      "version": "3.2.36",
      "resolved": "https://registry.npmmirror.com/@vue/reactivity-transform/-/reactivity-transform-3.2.36.tgz",
      "integrity": "sha512-Jk5o2BhpODC9XTA7o4EL8hSJ4JyrFWErLtClG3NH8wDS7ri9jBDWxI7/549T7JY9uilKsaNM+4pJASLj5dtRwA==",
      "license": "MIT",
      "dependencies": {
        "@babel/parser": "^7.16.4",
        "@vue/compiler-core": "3.2.36",
        "@vue/shared": "3.2.36",
        "estree-walker": "^2.0.2",
        "magic-string": "^0.25.7"
      }
    },
    "node_modules/@vue/runtime-core": {
      "version": "3.2.36",
      "resolved": "https://registry.npmmirror.com/@vue/runtime-core/-/runtime-core-3.2.36.tgz",
      "integrity": "sha512-PTWBD+Lub+1U3/KhbCExrfxyS14hstLX+cBboxVHaz+kXoiDLNDEYAovPtxeTutbqtClIXtft+wcGdC+FUQ9qQ==",
      "license": "MIT",
      "dependencies": {
        "@vue/reactivity": "3.2.36",
        "@vue/shared": "3.2.36"
      }
    },
    "node_modules/@vue/runtime-dom": {
      "version": "3.2.36",
      "resolved": "https://registry.npmmirror.com/@vue/runtime-dom/-/runtime-dom-3.2.36.tgz",
      "integrity": "sha512-gYPYblm7QXHVuBohqNRRT7Wez0f2Mx2D40rb4fleehrJU9CnkjG0phhcGEZFfGwCmHZRqBCRgbFWE98bPULqkg==",
      "license": "MIT",
      "dependencies": {
        "@vue/runtime-core": "3.2.36",
        "@vue/shared": "3.2.36",
        "csstype": "^2.6.8"
      }
    },
    "node_modules/@vue/server-renderer": {
      "version": "3.2.36",
      "resolved": "https://registry.npmmirror.com/@vue/server-renderer/-/server-renderer-3.2.36.tgz",
      "integrity": "sha512-uZE0+jfye6yYXWvAQYeHZv+f50sRryvy16uiqzk3jn8hEY8zTjI+rzlmZSGoE915k+W/Ol9XSw6vxOUD8dGkUg==",
      "license": "MIT",
      "dependencies": {
        "@vue/compiler-ssr": "3.2.36",
        "@vue/shared": "3.2.36"
      },
      "peerDependencies": {
        "vue": "3.2.36"
      }
    },
    "node_modules/@vue/shared": {
      "version": "3.2.36",
      "resolved": "https://registry.npmmirror.com/@vue/shared/-/shared-3.2.36.tgz",
      "integrity": "sha512-JtB41wXl7Au3+Nl3gD16Cfpj7k/6aCroZ6BbOiCMFCMvrOpkg/qQUXTso2XowaNqBbnkuGHurLAqkLBxNGc1hQ==",
      "license": "MIT"
    },
    "node_modules/@vueuse/core": {
      "version": "8.6.0",
      "resolved": "https://registry.npmmirror.com/@vueuse/core/-/core-8.6.0.tgz",
      "integrity": "sha512-VirzExCm/N+QdrEWT7J4uSrvJ5hquKIAU9alQ37kUvIJk9XxCLxmfRnmekYc1kz2+6BnoyuKYXVmrMV351CB4w==",
      "dependencies": {
        "@vueuse/metadata": "8.6.0",
        "@vueuse/shared": "8.6.0",
        "vue-demi": "*"
      },
      "peerDependencies": {
        "@vue/composition-api": "^1.1.0",
        "vue": "^2.6.0 || ^3.2.0"
      },
      "peerDependenciesMeta": {
        "@vue/composition-api": {
          "optional": true
        },
        "vue": {
          "optional": true
        }
      }
    },
    "node_modules/@vueuse/core/node_modules/@vueuse/shared": {
      "version": "8.6.0",
      "resolved": "https://registry.npmmirror.com/@vueuse/shared/-/shared-8.6.0.tgz",
      "integrity": "sha512-Y/IVywZo7IfEoSSEtCYpkVEmPV7pU35mEIxV7PbD/D3ly18B3mEsBaPbtDkNM/QP3zAZ5mn4nEkOfddX4uwuIA==",
      "dependencies": {
        "vue-demi": "*"
      },
      "peerDependencies": {
        "@vue/composition-api": "^1.1.0",
        "vue": "^2.6.0 || ^3.2.0"
      },
      "peerDependenciesMeta": {
        "@vue/composition-api": {
          "optional": true
        },
        "vue": {
          "optional": true
        }
      }
    },
    "node_modules/@vueuse/core/node_modules/vue-demi": {
      "version": "0.13.1",
      "resolved": "https://registry.npmmirror.com/vue-demi/-/vue-demi-0.13.1.tgz",
      "integrity": "sha512-xmkJ56koG3ptpLnpgmIzk9/4nFf4CqduSJbUM0OdPoU87NwRuZ6x49OLhjSa/fC15fV+5CbEnrxU4oyE022svg==",
      "hasInstallScript": true,
      "bin": {
        "vue-demi-fix": "bin/vue-demi-fix.js",
        "vue-demi-switch": "bin/vue-demi-switch.js"
      },
      "engines": {
        "node": ">=12"
      },
      "peerDependencies": {
        "@vue/composition-api": "^1.0.0-rc.1",
        "vue": "^3.0.0-0 || ^2.6.0"
      },
      "peerDependenciesMeta": {
        "@vue/composition-api": {
          "optional": true
        }
      }
    },
    "node_modules/@vueuse/metadata": {
      "version": "8.6.0",
      "resolved": "https://registry.npmmirror.com/@vueuse/metadata/-/metadata-8.6.0.tgz",
      "integrity": "sha512-F+CKPvaExsm7QgRr8y+ZNJFwXasn89rs5wth/HeX9lJ1q8XEt+HJ16Q5Sxh4rfG5YSKXrStveVge8TKvPjMjFA=="
    },
    "node_modules/async-validator": {
      "version": "4.1.1",
      "resolved": "https://registry.npmmirror.com/async-validator/-/async-validator-4.1.1.tgz",
      "integrity": "sha512-p4DO/JXwjs8klJyJL8Q2oM4ks5fUTze/h5k10oPPKMiLe1fj3G1QMzPHNmN1Py4ycOk7WlO2DcGXv1qiESJCZA=="
    },
    "node_modules/csstype": {
      "version": "2.6.20",
      "resolved": "https://registry.npmmirror.com/csstype/-/csstype-2.6.20.tgz",
      "integrity": "sha512-/WwNkdXfckNgw6S5R125rrW8ez139lBHWouiBvX8dfMFtcn6V81REDqnH7+CRpRipfYlyU1CmOnOxrmGcFOjeA==",
      "license": "MIT"
    },
    "node_modules/dayjs": {
      "version": "1.11.2",
      "resolved": "https://registry.npmmirror.com/dayjs/-/dayjs-1.11.2.tgz",
      "integrity": "sha512-F4LXf1OeU9hrSYRPTTj/6FbO4HTjPKXvEIC1P2kcnFurViINCVk3ZV0xAS3XVx9MkMsXbbqlK6hjseaYbgKEHw=="
    },
    "node_modules/element-plus": {
      "version": "2.2.2",
      "resolved": "https://registry.npmmirror.com/element-plus/-/element-plus-2.2.2.tgz",
      "integrity": "sha512-yGcj2Ayb0jZO1WbI51tHJ4efhlfWKlBqqGtWbzhq+tcpfaKzJZN+IHRouuFasqn0ZV3tWCDu1jggDR1+9y7XfQ==",
      "dependencies": {
        "@ctrl/tinycolor": "^3.4.1",
        "@element-plus/icons-vue": "^1.1.4",
        "@floating-ui/dom": "^0.5.0",
        "@popperjs/core": "npm:@sxzz/popperjs-es@^2.11.7",
        "@types/lodash": "^4.14.182",
        "@types/lodash-es": "^4.17.6",
        "@vueuse/core": "^8.5.0",
        "async-validator": "^4.1.1",
        "dayjs": "^1.11.2",
        "escape-html": "^1.0.3",
        "lodash": "^4.17.21",
        "lodash-es": "^4.17.21",
        "lodash-unified": "^1.0.2",
        "memoize-one": "^6.0.0",
        "normalize-wheel-es": "^1.1.2"
      },
      "peerDependencies": {
        "vue": "^3.2.0"
      }
    },
    "node_modules/esbuild": {
      "version": "0.14.42",
      "resolved": "https://registry.npmmirror.com/esbuild/-/esbuild-0.14.42.tgz",
      "integrity": "sha512-V0uPZotCEHokJdNqyozH6qsaQXqmZEOiZWrXnds/zaH/0SyrIayRXWRB98CENO73MIZ9T3HBIOsmds5twWtmgw==",
      "dev": true,
      "hasInstallScript": true,
      "license": "MIT",
      "bin": {
        "esbuild": "bin/esbuild"
      },
      "engines": {
        "node": ">=12"
      },
      "optionalDependencies": {
        "esbuild-android-64": "0.14.42",
        "esbuild-android-arm64": "0.14.42",
        "esbuild-darwin-64": "0.14.42",
        "esbuild-darwin-arm64": "0.14.42",
        "esbuild-freebsd-64": "0.14.42",
        "esbuild-freebsd-arm64": "0.14.42",
        "esbuild-linux-32": "0.14.42",
        "esbuild-linux-64": "0.14.42",
        "esbuild-linux-arm": "0.14.42",
        "esbuild-linux-arm64": "0.14.42",
        "esbuild-linux-mips64le": "0.14.42",
        "esbuild-linux-ppc64le": "0.14.42",
        "esbuild-linux-riscv64": "0.14.42",
        "esbuild-linux-s390x": "0.14.42",
        "esbuild-netbsd-64": "0.14.42",
        "esbuild-openbsd-64": "0.14.42",
        "esbuild-sunos-64": "0.14.42",
        "esbuild-windows-32": "0.14.42",
        "esbuild-windows-64": "0.14.42",
        "esbuild-windows-arm64": "0.14.42"
      }
    },
    "node_modules/esbuild-windows-64": {
      "version": "0.14.42",
      "resolved": "https://registry.npmmirror.com/esbuild-windows-64/-/esbuild-windows-64-0.14.42.tgz",
      "integrity": "sha512-j3cdK+Y3+a5H0wHKmLGTJcq0+/2mMBHPWkItR3vytp/aUGD/ua/t2BLdfBIzbNN9nLCRL9sywCRpOpFMx3CxzA==",
      "cpu": [
        "x64"
      ],
      "dev": true,
      "license": "MIT",
      "optional": true,
      "os": [
        "win32"
      ],
      "engines": {
        "node": ">=12"
      }
    },
    "node_modules/escape-html": {
      "version": "1.0.3",
      "resolved": "https://registry.npmmirror.com/escape-html/-/escape-html-1.0.3.tgz",
      "integrity": "sha512-NiSupZ4OeuGwr68lGIeym/ksIZMJodUGOSCZ/FSnTxcrekbvqrgdUxlJOMpijaKZVjAJrWrGs/6Jy8OMuyj9ow=="
    },
    "node_modules/estree-walker": {
      "version": "2.0.2",
      "resolved": "https://registry.npmmirror.com/estree-walker/-/estree-walker-2.0.2.tgz",
      "integrity": "sha512-Rfkk/Mp/DL7JVje3u18FxFujQlTNR2q6QfMSMB7AvCBx91NGj/ba3kCfza0f6dVDbw7YlRf/nDrn7pQrCCyQ/w==",
      "license": "MIT"
    },
    "node_modules/function-bind": {
      "version": "1.1.1",
      "resolved": "https://registry.npmmirror.com/function-bind/-/function-bind-1.1.1.tgz",
      "integrity": "sha512-yIovAzMX49sF8Yl58fSCWJ5svSLuaibPxXQJFLmBObTuCr0Mf1KiPopGM9NiFjiYBCbfaa2Fh6breQ6ANVTI0A==",
      "dev": true,
      "license": "MIT"
    },
    "node_modules/has": {
      "version": "1.0.3",
      "resolved": "https://registry.npmmirror.com/has/-/has-1.0.3.tgz",
      "integrity": "sha512-f2dvO0VU6Oej7RkWJGrehjbzMAjFp5/VKPp5tTpWIV4JHHZK1/BxbFRtf/siA2SWTe09caDmVtYYzWEIbBS4zw==",
      "dev": true,
      "license": "MIT",
      "dependencies": {
        "function-bind": "^1.1.1"
      },
      "engines": {
        "node": ">= 0.4.0"
      }
    },
    "node_modules/is-core-module": {
      "version": "2.9.0",
      "resolved": "https://registry.npmmirror.com/is-core-module/-/is-core-module-2.9.0.tgz",
      "integrity": "sha512-+5FPy5PnwmO3lvfMb0AsoPaBG+5KHUI0wYFXOtYPnVVVspTFUuMZNfNaNVRt3FZadstu2c8x23vykRW/NBoU6A==",
      "dev": true,
      "license": "MIT",
      "dependencies": {
        "has": "^1.0.3"
      },
      "funding": {
        "url": "https://github.com/sponsors/ljharb"
      }
    },
    "node_modules/lodash": {
      "version": "4.17.21",
      "resolved": "https://registry.npmmirror.com/lodash/-/lodash-4.17.21.tgz",
      "integrity": "sha512-v2kDEe57lecTulaDIuNTPy3Ry4gLGJ6Z1O3vE1krgXZNrsQ+LFTGHVxVjcXPs17LhbZVGedAJv8XZ1tvj5FvSg=="
    },
    "node_modules/lodash-es": {
      "version": "4.17.21",
      "resolved": "https://registry.npmmirror.com/lodash-es/-/lodash-es-4.17.21.tgz",
      "integrity": "sha512-mKnC+QJ9pWVzv+C4/U3rRsHapFfHvQFoFB92e52xeyGMcX6/OlIl78je1u8vePzYZSkkogMPJ2yjxxsb89cxyw=="
    },
    "node_modules/lodash-unified": {
      "version": "1.0.2",
      "resolved": "https://registry.npmmirror.com/lodash-unified/-/lodash-unified-1.0.2.tgz",
      "integrity": "sha512-OGbEy+1P+UT26CYi4opY4gebD8cWRDxAT6MAObIVQMiqYdxZr1g3QHWCToVsm31x2NkLS4K3+MC2qInaRMa39g==",
      "peerDependencies": {
        "@types/lodash-es": "*",
        "lodash": "*",
        "lodash-es": "*"
      }
    },
    "node_modules/magic-string": {
      "version": "0.25.9",
      "resolved": "https://registry.npmmirror.com/magic-string/-/magic-string-0.25.9.tgz",
      "integrity": "sha512-RmF0AsMzgt25qzqqLc1+MbHmhdx0ojF2Fvs4XnOqz2ZOBXzzkEwc/dJQZCYHAn7v1jbVOjAZfK8msRn4BxO4VQ==",
      "license": "MIT",
      "dependencies": {
        "sourcemap-codec": "^1.4.8"
      }
    },
    "node_modules/memoize-one": {
      "version": "6.0.0",
      "resolved": "https://registry.npmmirror.com/memoize-one/-/memoize-one-6.0.0.tgz",
      "integrity": "sha512-rkpe71W0N0c0Xz6QD0eJETuWAJGnJ9afsl1srmwPrI+yBCkge5EycXXbYRyvL29zZVUWQCY7InPRCv3GDXuZNw=="
    },
    "node_modules/nanoid": {
      "version": "3.3.4",
      "resolved": "https://registry.npmmirror.com/nanoid/-/nanoid-3.3.4.tgz",
      "integrity": "sha512-MqBkQh/OHTS2egovRtLk45wEyNXwF+cokD+1YPf9u5VfJiRdAiRwB2froX5Co9Rh20xs4siNPm8naNotSD6RBw==",
      "license": "MIT",
      "bin": {
        "nanoid": "bin/nanoid.cjs"
      },
      "engines": {
        "node": "^10 || ^12 || ^13.7 || ^14 || >=15.0.1"
      }
    },
    "node_modules/normalize-wheel-es": {
      "version": "1.1.2",
      "resolved": "https://registry.npmmirror.com/normalize-wheel-es/-/normalize-wheel-es-1.1.2.tgz",
      "integrity": "sha512-scX83plWJXYH1J4+BhAuIHadROzxX0UBF3+HuZNY2Ks8BciE7tSTQ+5JhTsvzjaO0/EJdm4JBGrfObKxFf3Png=="
    },
    "node_modules/normalize.css": {
      "version": "8.0.1",
      "resolved": "https://registry.npmmirror.com/normalize.css/-/normalize.css-8.0.1.tgz",
      "integrity": "sha512-qizSNPO93t1YUuUhP22btGOo3chcvDFqFaj2TRybP0DMxkHOCTYwp3n34fel4a31ORXy4m1Xq0Gyqpb5m33qIg=="
    },
    "node_modules/path-parse": {
      "version": "1.0.7",
      "resolved": "https://registry.npmmirror.com/path-parse/-/path-parse-1.0.7.tgz",
      "integrity": "sha512-LDJzPVEEEPR+y48z93A0Ed0yXb8pAByGWo/k5YYdYgpY2/2EsOsksJrq7lOHxryrVOn1ejG6oAp8ahvOIQD8sw==",
      "dev": true,
      "license": "MIT"
    },
    "node_modules/picocolors": {
      "version": "1.0.0",
      "resolved": "https://registry.npmmirror.com/picocolors/-/picocolors-1.0.0.tgz",
      "integrity": "sha512-1fygroTLlHu66zi26VoTDv8yRgm0Fccecssto+MhsZ0D/DGW2sm8E8AjW7NU5VVTRt5GxbeZ5qBuJr+HyLYkjQ==",
      "license": "ISC"
    },
    "node_modules/postcss": {
      "version": "8.4.14",
      "resolved": "https://registry.npmmirror.com/postcss/-/postcss-8.4.14.tgz",
      "integrity": "sha512-E398TUmfAYFPBSdzgeieK2Y1+1cpdxJx8yXbK/m57nRhKSmk1GB2tO4lbLBtlkfPQTDKfe4Xqv1ASWPpayPEig==",
      "funding": [
        {
          "type": "opencollective",
          "url": "https://opencollective.com/postcss/"
        },
        {
          "type": "tidelift",
          "url": "https://tidelift.com/funding/github/npm/postcss"
        }
      ],
      "license": "MIT",
      "dependencies": {
        "nanoid": "^3.3.4",
        "picocolors": "^1.0.0",
        "source-map-js": "^1.0.2"
      },
      "engines": {
        "node": "^10 || ^12 || >=14"
      }
    },
    "node_modules/resolve": {
      "version": "1.22.0",
      "resolved": "https://registry.npmmirror.com/resolve/-/resolve-1.22.0.tgz",
      "integrity": "sha512-Hhtrw0nLeSrFQ7phPp4OOcVjLPIeMnRlr5mcnVuMe7M/7eBn98A3hmFRLoFo3DLZkivSYwhRUJTyPyWAk56WLw==",
      "dev": true,
      "license": "MIT",
      "dependencies": {
        "is-core-module": "^2.8.1",
        "path-parse": "^1.0.7",
        "supports-preserve-symlinks-flag": "^1.0.0"
      },
      "bin": {
        "resolve": "bin/resolve"
      },
      "funding": {
        "url": "https://github.com/sponsors/ljharb"
      }
    },
    "node_modules/rollup": {
      "version": "2.75.5",
      "resolved": "https://registry.npmmirror.com/rollup/-/rollup-2.75.5.tgz",
      "integrity": "sha512-JzNlJZDison3o2mOxVmb44Oz7t74EfSd1SQrplQk0wSaXV7uLQXtVdHbxlcT3w+8tZ1TL4r/eLfc7nAbz38BBA==",
      "dev": true,
      "license": "MIT",
      "bin": {
        "rollup": "dist/bin/rollup"
      },
      "engines": {
        "node": ">=10.0.0"
      },
      "optionalDependencies": {
        "fsevents": "~2.3.2"
      }
    },
    "node_modules/source-map": {
      "version": "0.6.1",
      "resolved": "https://registry.npmmirror.com/source-map/-/source-map-0.6.1.tgz",
      "integrity": "sha512-UjgapumWlbMhkBgzT7Ykc5YXUT46F0iKu8SGXq0bcwP5dz/h0Plj6enJqjz1Zbq2l5WaqYnrVbwWOWMyF3F47g==",
      "license": "BSD-3-Clause",
      "engines": {
        "node": ">=0.10.0"
      }
    },
    "node_modules/source-map-js": {
      "version": "1.0.2",
      "resolved": "https://registry.npmmirror.com/source-map-js/-/source-map-js-1.0.2.tgz",
      "integrity": "sha512-R0XvVJ9WusLiqTCEiGCmICCMplcCkIwwR11mOSD9CR5u+IXYdiseeEuXCVAjS54zqwkLcPNnmU4OeJ6tUrWhDw==",
      "license": "BSD-3-Clause",
      "engines": {
        "node": ">=0.10.0"
      }
    },
    "node_modules/sourcemap-codec": {
      "version": "1.4.8",
      "resolved": "https://registry.npmmirror.com/sourcemap-codec/-/sourcemap-codec-1.4.8.tgz",
      "integrity": "sha512-9NykojV5Uih4lgo5So5dtw+f0JgJX30KCNI8gwhz2J9A15wD0Ml6tjHKwf6fTSa6fAdVBdZeNOs9eJ71qCk8vA==",
      "license": "MIT"
    },
    "node_modules/supports-preserve-symlinks-flag": {
      "version": "1.0.0",
      "resolved": "https://registry.npmmirror.com/supports-preserve-symlinks-flag/-/supports-preserve-symlinks-flag-1.0.0.tgz",
      "integrity": "sha512-ot0WnXS9fgdkgIcePe6RHNk1WA8+muPa6cSjeR3V8K27q9BB1rTE3R1p7Hv0z1ZyAc8s6Vvv8DIyWf681MAt0w==",
      "dev": true,
      "license": "MIT",
      "engines": {
        "node": ">= 0.4"
      },
      "funding": {
        "url": "https://github.com/sponsors/ljharb"
      }
    },
    "node_modules/three": {
      "version": "0.141.0",
      "resolved": "https://registry.npmmirror.com/three/-/three-0.141.0.tgz",
      "integrity": "sha512-JaSDAPWuk4RTzG5BYRQm8YZbERUxTfTDVouWgHMisS2to4E5fotMS9F2zPFNOIJyEFTTQDDKPpsgZVThKU3pXA=="
    },
    "node_modules/vite": {
      "version": "2.9.9",
      "resolved": "https://registry.npmmirror.com/vite/-/vite-2.9.9.tgz",
      "integrity": "sha512-ffaam+NgHfbEmfw/Vuh6BHKKlI/XIAhxE5QSS7gFLIngxg171mg1P3a4LSRME0z2ZU1ScxoKzphkipcYwSD5Ew==",
      "dev": true,
      "license": "MIT",
      "dependencies": {
        "esbuild": "^0.14.27",
        "postcss": "^8.4.13",
        "resolve": "^1.22.0",
        "rollup": "^2.59.0"
      },
      "bin": {
        "vite": "bin/vite.js"
      },
      "engines": {
        "node": ">=12.2.0"
      },
      "optionalDependencies": {
        "fsevents": "~2.3.2"
      },
      "peerDependencies": {
        "less": "*",
        "sass": "*",
        "stylus": "*"
      },
      "peerDependenciesMeta": {
        "less": {
          "optional": true
        },
        "sass": {
          "optional": true
        },
        "stylus": {
          "optional": true
        }
      }
    },
    "node_modules/vue": {
      "version": "3.2.36",
      "resolved": "https://registry.npmmirror.com/vue/-/vue-3.2.36.tgz",
      "integrity": "sha512-5yTXmrE6gW8IQgttzHW5bfBiFA6mx35ZXHjGLDmKYzW6MMmYvCwuKybANRepwkMYeXw2v1buGg3/lPICY5YlZw==",
      "license": "MIT",
      "dependencies": {
        "@vue/compiler-dom": "3.2.36",
        "@vue/compiler-sfc": "3.2.36",
        "@vue/runtime-dom": "3.2.36",
        "@vue/server-renderer": "3.2.36",
        "@vue/shared": "3.2.36"
      }
    }
  },
  "dependencies": {
    "@babel/parser": {
      "version": "7.18.4",
      "resolved": "https://registry.npmmirror.com/@babel/parser/-/parser-7.18.4.tgz",
      "integrity": "sha512-FDge0dFazETFcxGw/EXzOkN8uJp0PC7Qbm+Pe9T+av2zlBpOgunFHkQPPn+eRuClU73JF+98D531UgayY89tow=="
    },
    "@ctrl/tinycolor": {
      "version": "3.4.1",
      "resolved": "https://registry.npmmirror.com/@ctrl/tinycolor/-/tinycolor-3.4.1.tgz",
      "integrity": "sha512-ej5oVy6lykXsvieQtqZxCOaLT+xD4+QNarq78cIYISHmZXshCvROLudpQN3lfL8G0NL7plMSSK+zlyvCaIJ4Iw=="
    },
    "@element-plus/icons-vue": {
      "version": "1.1.4",
      "resolved": "https://registry.npmmirror.com/@element-plus/icons-vue/-/icons-vue-1.1.4.tgz",
      "integrity": "sha512-Iz/nHqdp1sFPmdzRwHkEQQA3lKvoObk8azgABZ81QUOpW9s/lUyQVUSh0tNtEPZXQlKwlSh7SPgoVxzrE0uuVQ==",
      "requires": {}
    },
    "@floating-ui/core": {
      "version": "0.7.2",
      "resolved": "https://registry.npmmirror.com/@floating-ui/core/-/core-0.7.2.tgz",
      "integrity": "sha512-FRVAkSNU/vGXLIsgbggcs70GkXKEOXgBBbNpYPNHSaKsCAMMd00NrjbtKTesxkdv9xm9N3+XiDlcFGY6WnatBg=="
    },
    "@floating-ui/dom": {
      "version": "0.5.2",
      "resolved": "https://registry.npmmirror.com/@floating-ui/dom/-/dom-0.5.2.tgz",
      "integrity": "sha512-z1DnEa7F3d8Fm/eXSbii8UEGpcjZGkQaYYUI0WpEVgD3vBfebDW8j/3ysusxonuMexoigA+A3b/fYH7sEqiwyg==",
      "requires": {
        "@floating-ui/core": "^0.7.2"
      }
    },
    "@popperjs/core": {
      "version": "npm:@sxzz/popperjs-es@2.11.7",
      "resolved": "https://registry.npmmirror.com/@sxzz/popperjs-es/-/popperjs-es-2.11.7.tgz",
      "integrity": "sha512-Ccy0NlLkzr0Ex2FKvh2X+OyERHXJ88XJ1MXtsI9y9fGexlaXaVTPzBCRBwIxFkORuOb+uBqeu+RqnpgYTEZRUQ=="
    },
    "@types/lodash": {
      "version": "4.14.182",
      "resolved": "https://registry.npmmirror.com/@types/lodash/-/lodash-4.14.182.tgz",
      "integrity": "sha512-/THyiqyQAP9AfARo4pF+aCGcyiQ94tX/Is2I7HofNRqoYLgN1PBoOWu2/zTA5zMxzP5EFutMtWtGAFRKUe961Q=="
    },
    "@types/lodash-es": {
      "version": "4.17.6",
      "resolved": "https://registry.npmmirror.com/@types/lodash-es/-/lodash-es-4.17.6.tgz",
      "integrity": "sha512-R+zTeVUKDdfoRxpAryaQNRKk3105Rrgx2CFRClIgRGaqDTdjsm8h6IYA8ir584W3ePzkZfst5xIgDwYrlh9HLg==",
      "requires": {
        "@types/lodash": "*"
      }
    },
    "@vitejs/plugin-vue": {
      "version": "2.3.3",
      "resolved": "https://registry.npmmirror.com/@vitejs/plugin-vue/-/plugin-vue-2.3.3.tgz",
      "integrity": "sha512-SmQLDyhz+6lGJhPELsBdzXGc+AcaT8stgkbiTFGpXPe8Tl1tJaBw1A6pxDqDuRsVkD8uscrkx3hA7QDOoKYtyw==",
      "dev": true,
      "requires": {}
    },
    "@vue/compiler-core": {
      "version": "3.2.36",
      "resolved": "https://registry.npmmirror.com/@vue/compiler-core/-/compiler-core-3.2.36.tgz",
      "integrity": "sha512-bbyZM5hvBicv0PW3KUfVi+x3ylHnfKG7DOn5wM+f2OztTzTjLEyBb/5yrarIYpmnGitVGbjZqDbODyW4iK8hqw==",
      "requires": {
        "@babel/parser": "^7.16.4",
        "@vue/shared": "3.2.36",
        "estree-walker": "^2.0.2",
        "source-map": "^0.6.1"
      }
    },
    "@vue/compiler-dom": {
      "version": "3.2.36",
      "resolved": "https://registry.npmmirror.com/@vue/compiler-dom/-/compiler-dom-3.2.36.tgz",
      "integrity": "sha512-tcOTAOiW4s24QLnq+ON6J+GRONXJ+A/mqKCORi0LSlIh8XQlNnlm24y8xIL8la+ZDgkdbjarQ9ZqYSvEja6gVA==",
      "requires": {
        "@vue/compiler-core": "3.2.36",
        "@vue/shared": "3.2.36"
      }
    },
    "@vue/compiler-sfc": {
      "version": "3.2.36",
      "resolved": "https://registry.npmmirror.com/@vue/compiler-sfc/-/compiler-sfc-3.2.36.tgz",
      "integrity": "sha512-AvGb4bTj4W8uQ4BqaSxo7UwTEqX5utdRSMyHy58OragWlt8nEACQ9mIeQh3K4di4/SX+41+pJrLIY01lHAOFOA==",
      "requires": {
        "@babel/parser": "^7.16.4",
        "@vue/compiler-core": "3.2.36",
        "@vue/compiler-dom": "3.2.36",
        "@vue/compiler-ssr": "3.2.36",
        "@vue/reactivity-transform": "3.2.36",
        "@vue/shared": "3.2.36",
        "estree-walker": "^2.0.2",
        "magic-string": "^0.25.7",
        "postcss": "^8.1.10",
        "source-map": "^0.6.1"
      }
    },
    "@vue/compiler-ssr": {
      "version": "3.2.36",
      "resolved": "https://registry.npmmirror.com/@vue/compiler-ssr/-/compiler-ssr-3.2.36.tgz",
      "integrity": "sha512-+KugInUFRvOxEdLkZwE+W43BqHyhBh0jpYXhmqw1xGq2dmE6J9eZ8UUSOKNhdHtQ/iNLWWeK/wPZkVLUf3YGaw==",
      "requires": {
        "@vue/compiler-dom": "3.2.36",
        "@vue/shared": "3.2.36"
      }
    },
    "@vue/reactivity": {
      "version": "3.2.36",
      "resolved": "https://registry.npmmirror.com/@vue/reactivity/-/reactivity-3.2.36.tgz",
      "integrity": "sha512-c2qvopo0crh9A4GXi2/2kfGYMxsJW4tVILrqRPydVGZHhq0fnzy6qmclWOhBFckEhmyxmpHpdJtIRYGeKcuhnA==",
      "requires": {
        "@vue/shared": "3.2.36"
      }
    },
    "@vue/reactivity-transform": {
      "version": "3.2.36",
      "resolved": "https://registry.npmmirror.com/@vue/reactivity-transform/-/reactivity-transform-3.2.36.tgz",
      "integrity": "sha512-Jk5o2BhpODC9XTA7o4EL8hSJ4JyrFWErLtClG3NH8wDS7ri9jBDWxI7/549T7JY9uilKsaNM+4pJASLj5dtRwA==",
      "requires": {
        "@babel/parser": "^7.16.4",
        "@vue/compiler-core": "3.2.36",
        "@vue/shared": "3.2.36",
        "estree-walker": "^2.0.2",
        "magic-string": "^0.25.7"
      }
    },
    "@vue/runtime-core": {
      "version": "3.2.36",
      "resolved": "https://registry.npmmirror.com/@vue/runtime-core/-/runtime-core-3.2.36.tgz",
      "integrity": "sha512-PTWBD+Lub+1U3/KhbCExrfxyS14hstLX+cBboxVHaz+kXoiDLNDEYAovPtxeTutbqtClIXtft+wcGdC+FUQ9qQ==",
      "requires": {
        "@vue/reactivity": "3.2.36",
        "@vue/shared": "3.2.36"
      }
    },
    "@vue/runtime-dom": {
      "version": "3.2.36",
      "resolved": "https://registry.npmmirror.com/@vue/runtime-dom/-/runtime-dom-3.2.36.tgz",
      "integrity": "sha512-gYPYblm7QXHVuBohqNRRT7Wez0f2Mx2D40rb4fleehrJU9CnkjG0phhcGEZFfGwCmHZRqBCRgbFWE98bPULqkg==",
      "requires": {
        "@vue/runtime-core": "3.2.36",
        "@vue/shared": "3.2.36",
        "csstype": "^2.6.8"
      }
    },
    "@vue/server-renderer": {
      "version": "3.2.36",
      "resolved": "https://registry.npmmirror.com/@vue/server-renderer/-/server-renderer-3.2.36.tgz",
      "integrity": "sha512-uZE0+jfye6yYXWvAQYeHZv+f50sRryvy16uiqzk3jn8hEY8zTjI+rzlmZSGoE915k+W/Ol9XSw6vxOUD8dGkUg==",
      "requires": {
        "@vue/compiler-ssr": "3.2.36",
        "@vue/shared": "3.2.36"
      }
    },
    "@vue/shared": {
      "version": "3.2.36",
      "resolved": "https://registry.npmmirror.com/@vue/shared/-/shared-3.2.36.tgz",
      "integrity": "sha512-JtB41wXl7Au3+Nl3gD16Cfpj7k/6aCroZ6BbOiCMFCMvrOpkg/qQUXTso2XowaNqBbnkuGHurLAqkLBxNGc1hQ=="
    },
    "@vueuse/core": {
      "version": "8.6.0",
      "resolved": "https://registry.npmmirror.com/@vueuse/core/-/core-8.6.0.tgz",
      "integrity": "sha512-VirzExCm/N+QdrEWT7J4uSrvJ5hquKIAU9alQ37kUvIJk9XxCLxmfRnmekYc1kz2+6BnoyuKYXVmrMV351CB4w==",
      "requires": {
        "@vueuse/metadata": "8.6.0",
        "@vueuse/shared": "8.6.0",
        "vue-demi": "*"
      },
      "dependencies": {
        "@vueuse/shared": {
          "version": "8.6.0",
          "resolved": "https://registry.npmmirror.com/@vueuse/shared/-/shared-8.6.0.tgz",
          "integrity": "sha512-Y/IVywZo7IfEoSSEtCYpkVEmPV7pU35mEIxV7PbD/D3ly18B3mEsBaPbtDkNM/QP3zAZ5mn4nEkOfddX4uwuIA==",
          "requires": {
            "vue-demi": "*"
          }
        },
        "vue-demi": {
          "version": "0.13.1",
          "resolved": "https://registry.npmmirror.com/vue-demi/-/vue-demi-0.13.1.tgz",
          "integrity": "sha512-xmkJ56koG3ptpLnpgmIzk9/4nFf4CqduSJbUM0OdPoU87NwRuZ6x49OLhjSa/fC15fV+5CbEnrxU4oyE022svg==",
          "requires": {}
        }
      }
    },
    "@vueuse/metadata": {
      "version": "8.6.0",
      "resolved": "https://registry.npmmirror.com/@vueuse/metadata/-/metadata-8.6.0.tgz",
      "integrity": "sha512-F+CKPvaExsm7QgRr8y+ZNJFwXasn89rs5wth/HeX9lJ1q8XEt+HJ16Q5Sxh4rfG5YSKXrStveVge8TKvPjMjFA=="
    },
    "async-validator": {
      "version": "4.1.1",
      "resolved": "https://registry.npmmirror.com/async-validator/-/async-validator-4.1.1.tgz",
      "integrity": "sha512-p4DO/JXwjs8klJyJL8Q2oM4ks5fUTze/h5k10oPPKMiLe1fj3G1QMzPHNmN1Py4ycOk7WlO2DcGXv1qiESJCZA=="
    },
    "csstype": {
      "version": "2.6.20",
      "resolved": "https://registry.npmmirror.com/csstype/-/csstype-2.6.20.tgz",
      "integrity": "sha512-/WwNkdXfckNgw6S5R125rrW8ez139lBHWouiBvX8dfMFtcn6V81REDqnH7+CRpRipfYlyU1CmOnOxrmGcFOjeA=="
    },
    "dayjs": {
      "version": "1.11.2",
      "resolved": "https://registry.npmmirror.com/dayjs/-/dayjs-1.11.2.tgz",
      "integrity": "sha512-F4LXf1OeU9hrSYRPTTj/6FbO4HTjPKXvEIC1P2kcnFurViINCVk3ZV0xAS3XVx9MkMsXbbqlK6hjseaYbgKEHw=="
    },
    "element-plus": {
      "version": "2.2.2",
      "resolved": "https://registry.npmmirror.com/element-plus/-/element-plus-2.2.2.tgz",
      "integrity": "sha512-yGcj2Ayb0jZO1WbI51tHJ4efhlfWKlBqqGtWbzhq+tcpfaKzJZN+IHRouuFasqn0ZV3tWCDu1jggDR1+9y7XfQ==",
      "requires": {
        "@ctrl/tinycolor": "^3.4.1",
        "@element-plus/icons-vue": "^1.1.4",
        "@floating-ui/dom": "^0.5.0",
        "@popperjs/core": "npm:@sxzz/popperjs-es@^2.11.7",
        "@types/lodash": "^4.14.182",
        "@types/lodash-es": "^4.17.6",
        "@vueuse/core": "^8.5.0",
        "async-validator": "^4.1.1",
        "dayjs": "^1.11.2",
        "escape-html": "^1.0.3",
        "lodash": "^4.17.21",
        "lodash-es": "^4.17.21",
        "lodash-unified": "^1.0.2",
        "memoize-one": "^6.0.0",
        "normalize-wheel-es": "^1.1.2"
      }
    },
    "esbuild": {
      "version": "0.14.42",
      "resolved": "https://registry.npmmirror.com/esbuild/-/esbuild-0.14.42.tgz",
      "integrity": "sha512-V0uPZotCEHokJdNqyozH6qsaQXqmZEOiZWrXnds/zaH/0SyrIayRXWRB98CENO73MIZ9T3HBIOsmds5twWtmgw==",
      "dev": true,
      "requires": {
        "esbuild-android-64": "0.14.42",
        "esbuild-android-arm64": "0.14.42",
        "esbuild-darwin-64": "0.14.42",
        "esbuild-darwin-arm64": "0.14.42",
        "esbuild-freebsd-64": "0.14.42",
        "esbuild-freebsd-arm64": "0.14.42",
        "esbuild-linux-32": "0.14.42",
        "esbuild-linux-64": "0.14.42",
        "esbuild-linux-arm": "0.14.42",
        "esbuild-linux-arm64": "0.14.42",
        "esbuild-linux-mips64le": "0.14.42",
        "esbuild-linux-ppc64le": "0.14.42",
        "esbuild-linux-riscv64": "0.14.42",
        "esbuild-linux-s390x": "0.14.42",
        "esbuild-netbsd-64": "0.14.42",
        "esbuild-openbsd-64": "0.14.42",
        "esbuild-sunos-64": "0.14.42",
        "esbuild-windows-32": "0.14.42",
        "esbuild-windows-64": "0.14.42",
        "esbuild-windows-arm64": "0.14.42"
      }
    },
    "esbuild-windows-64": {
      "version": "0.14.42",
      "resolved": "https://registry.npmmirror.com/esbuild-windows-64/-/esbuild-windows-64-0.14.42.tgz",
      "integrity": "sha512-j3cdK+Y3+a5H0wHKmLGTJcq0+/2mMBHPWkItR3vytp/aUGD/ua/t2BLdfBIzbNN9nLCRL9sywCRpOpFMx3CxzA==",
      "dev": true,
      "optional": true
    },
    "escape-html": {
      "version": "1.0.3",
      "resolved": "https://registry.npmmirror.com/escape-html/-/escape-html-1.0.3.tgz",
      "integrity": "sha512-NiSupZ4OeuGwr68lGIeym/ksIZMJodUGOSCZ/FSnTxcrekbvqrgdUxlJOMpijaKZVjAJrWrGs/6Jy8OMuyj9ow=="
    },
    "estree-walker": {
      "version": "2.0.2",
      "resolved": "https://registry.npmmirror.com/estree-walker/-/estree-walker-2.0.2.tgz",
      "integrity": "sha512-Rfkk/Mp/DL7JVje3u18FxFujQlTNR2q6QfMSMB7AvCBx91NGj/ba3kCfza0f6dVDbw7YlRf/nDrn7pQrCCyQ/w=="
    },
    "function-bind": {
      "version": "1.1.1",
      "resolved": "https://registry.npmmirror.com/function-bind/-/function-bind-1.1.1.tgz",
      "integrity": "sha512-yIovAzMX49sF8Yl58fSCWJ5svSLuaibPxXQJFLmBObTuCr0Mf1KiPopGM9NiFjiYBCbfaa2Fh6breQ6ANVTI0A==",
      "dev": true
    },
    "has": {
      "version": "1.0.3",
      "resolved": "https://registry.npmmirror.com/has/-/has-1.0.3.tgz",
      "integrity": "sha512-f2dvO0VU6Oej7RkWJGrehjbzMAjFp5/VKPp5tTpWIV4JHHZK1/BxbFRtf/siA2SWTe09caDmVtYYzWEIbBS4zw==",
      "dev": true,
      "requires": {
        "function-bind": "^1.1.1"
      }
    },
    "is-core-module": {
      "version": "2.9.0",
      "resolved": "https://registry.npmmirror.com/is-core-module/-/is-core-module-2.9.0.tgz",
      "integrity": "sha512-+5FPy5PnwmO3lvfMb0AsoPaBG+5KHUI0wYFXOtYPnVVVspTFUuMZNfNaNVRt3FZadstu2c8x23vykRW/NBoU6A==",
      "dev": true,
      "requires": {
        "has": "^1.0.3"
      }
    },
    "lodash": {
      "version": "4.17.21",
      "resolved": "https://registry.npmmirror.com/lodash/-/lodash-4.17.21.tgz",
      "integrity": "sha512-v2kDEe57lecTulaDIuNTPy3Ry4gLGJ6Z1O3vE1krgXZNrsQ+LFTGHVxVjcXPs17LhbZVGedAJv8XZ1tvj5FvSg=="
    },
    "lodash-es": {
      "version": "4.17.21",
      "resolved": "https://registry.npmmirror.com/lodash-es/-/lodash-es-4.17.21.tgz",
      "integrity": "sha512-mKnC+QJ9pWVzv+C4/U3rRsHapFfHvQFoFB92e52xeyGMcX6/OlIl78je1u8vePzYZSkkogMPJ2yjxxsb89cxyw=="
    },
    "lodash-unified": {
      "version": "1.0.2",
      "resolved": "https://registry.npmmirror.com/lodash-unified/-/lodash-unified-1.0.2.tgz",
      "integrity": "sha512-OGbEy+1P+UT26CYi4opY4gebD8cWRDxAT6MAObIVQMiqYdxZr1g3QHWCToVsm31x2NkLS4K3+MC2qInaRMa39g==",
      "requires": {}
    },
    "magic-string": {
      "version": "0.25.9",
      "resolved": "https://registry.npmmirror.com/magic-string/-/magic-string-0.25.9.tgz",
      "integrity": "sha512-RmF0AsMzgt25qzqqLc1+MbHmhdx0ojF2Fvs4XnOqz2ZOBXzzkEwc/dJQZCYHAn7v1jbVOjAZfK8msRn4BxO4VQ==",
      "requires": {
        "sourcemap-codec": "^1.4.8"
      }
    },
    "memoize-one": {
      "version": "6.0.0",
      "resolved": "https://registry.npmmirror.com/memoize-one/-/memoize-one-6.0.0.tgz",
      "integrity": "sha512-rkpe71W0N0c0Xz6QD0eJETuWAJGnJ9afsl1srmwPrI+yBCkge5EycXXbYRyvL29zZVUWQCY7InPRCv3GDXuZNw=="
    },
    "nanoid": {
      "version": "3.3.4",
      "resolved": "https://registry.npmmirror.com/nanoid/-/nanoid-3.3.4.tgz",
      "integrity": "sha512-MqBkQh/OHTS2egovRtLk45wEyNXwF+cokD+1YPf9u5VfJiRdAiRwB2froX5Co9Rh20xs4siNPm8naNotSD6RBw=="
    },
    "normalize-wheel-es": {
      "version": "1.1.2",
      "resolved": "https://registry.npmmirror.com/normalize-wheel-es/-/normalize-wheel-es-1.1.2.tgz",
      "integrity": "sha512-scX83plWJXYH1J4+BhAuIHadROzxX0UBF3+HuZNY2Ks8BciE7tSTQ+5JhTsvzjaO0/EJdm4JBGrfObKxFf3Png=="
    },
    "normalize.css": {
      "version": "8.0.1",
      "resolved": "https://registry.npmmirror.com/normalize.css/-/normalize.css-8.0.1.tgz",
      "integrity": "sha512-qizSNPO93t1YUuUhP22btGOo3chcvDFqFaj2TRybP0DMxkHOCTYwp3n34fel4a31ORXy4m1Xq0Gyqpb5m33qIg=="
    },
    "path-parse": {
      "version": "1.0.7",
      "resolved": "https://registry.npmmirror.com/path-parse/-/path-parse-1.0.7.tgz",
      "integrity": "sha512-LDJzPVEEEPR+y48z93A0Ed0yXb8pAByGWo/k5YYdYgpY2/2EsOsksJrq7lOHxryrVOn1ejG6oAp8ahvOIQD8sw==",
      "dev": true
    },
    "picocolors": {
      "version": "1.0.0",
      "resolved": "https://registry.npmmirror.com/picocolors/-/picocolors-1.0.0.tgz",
      "integrity": "sha512-1fygroTLlHu66zi26VoTDv8yRgm0Fccecssto+MhsZ0D/DGW2sm8E8AjW7NU5VVTRt5GxbeZ5qBuJr+HyLYkjQ=="
    },
    "postcss": {
      "version": "8.4.14",
      "resolved": "https://registry.npmmirror.com/postcss/-/postcss-8.4.14.tgz",
      "integrity": "sha512-E398TUmfAYFPBSdzgeieK2Y1+1cpdxJx8yXbK/m57nRhKSmk1GB2tO4lbLBtlkfPQTDKfe4Xqv1ASWPpayPEig==",
      "requires": {
        "nanoid": "^3.3.4",
        "picocolors": "^1.0.0",
        "source-map-js": "^1.0.2"
      }
    },
    "resolve": {
      "version": "1.22.0",
      "resolved": "https://registry.npmmirror.com/resolve/-/resolve-1.22.0.tgz",
      "integrity": "sha512-Hhtrw0nLeSrFQ7phPp4OOcVjLPIeMnRlr5mcnVuMe7M/7eBn98A3hmFRLoFo3DLZkivSYwhRUJTyPyWAk56WLw==",
      "dev": true,
      "requires": {
        "is-core-module": "^2.8.1",
        "path-parse": "^1.0.7",
        "supports-preserve-symlinks-flag": "^1.0.0"
      }
    },
    "rollup": {
      "version": "2.75.5",
      "resolved": "https://registry.npmmirror.com/rollup/-/rollup-2.75.5.tgz",
      "integrity": "sha512-JzNlJZDison3o2mOxVmb44Oz7t74EfSd1SQrplQk0wSaXV7uLQXtVdHbxlcT3w+8tZ1TL4r/eLfc7nAbz38BBA==",
      "dev": true,
      "requires": {
        "fsevents": "~2.3.2"
      }
    },
    "source-map": {
      "version": "0.6.1",
      "resolved": "https://registry.npmmirror.com/source-map/-/source-map-0.6.1.tgz",
      "integrity": "sha512-UjgapumWlbMhkBgzT7Ykc5YXUT46F0iKu8SGXq0bcwP5dz/h0Plj6enJqjz1Zbq2l5WaqYnrVbwWOWMyF3F47g=="
    },
    "source-map-js": {
      "version": "1.0.2",
      "resolved": "https://registry.npmmirror.com/source-map-js/-/source-map-js-1.0.2.tgz",
      "integrity": "sha512-R0XvVJ9WusLiqTCEiGCmICCMplcCkIwwR11mOSD9CR5u+IXYdiseeEuXCVAjS54zqwkLcPNnmU4OeJ6tUrWhDw=="
    },
    "sourcemap-codec": {
      "version": "1.4.8",
      "resolved": "https://registry.npmmirror.com/sourcemap-codec/-/sourcemap-codec-1.4.8.tgz",
      "integrity": "sha512-9NykojV5Uih4lgo5So5dtw+f0JgJX30KCNI8gwhz2J9A15wD0Ml6tjHKwf6fTSa6fAdVBdZeNOs9eJ71qCk8vA=="
    },
    "supports-preserve-symlinks-flag": {
      "version": "1.0.0",
      "resolved": "https://registry.npmmirror.com/supports-preserve-symlinks-flag/-/supports-preserve-symlinks-flag-1.0.0.tgz",
      "integrity": "sha512-ot0WnXS9fgdkgIcePe6RHNk1WA8+muPa6cSjeR3V8K27q9BB1rTE3R1p7Hv0z1ZyAc8s6Vvv8DIyWf681MAt0w==",
      "dev": true
    },
    "three": {
      "version": "0.141.0",
      "resolved": "https://registry.npmmirror.com/three/-/three-0.141.0.tgz",
      "integrity": "sha512-JaSDAPWuk4RTzG5BYRQm8YZbERUxTfTDVouWgHMisS2to4E5fotMS9F2zPFNOIJyEFTTQDDKPpsgZVThKU3pXA=="
    },
    "vite": {
      "version": "2.9.9",
      "resolved": "https://registry.npmmirror.com/vite/-/vite-2.9.9.tgz",
      "integrity": "sha512-ffaam+NgHfbEmfw/Vuh6BHKKlI/XIAhxE5QSS7gFLIngxg171mg1P3a4LSRME0z2ZU1ScxoKzphkipcYwSD5Ew==",
      "dev": true,
      "requires": {
        "esbuild": "^0.14.27",
        "fsevents": "~2.3.2",
        "postcss": "^8.4.13",
        "resolve": "^1.22.0",
        "rollup": "^2.59.0"
      }
    },
    "vue": {
      "version": "3.2.36",
      "resolved": "https://registry.npmmirror.com/vue/-/vue-3.2.36.tgz",
      "integrity": "sha512-5yTXmrE6gW8IQgttzHW5bfBiFA6mx35ZXHjGLDmKYzW6MMmYvCwuKybANRepwkMYeXw2v1buGg3/lPICY5YlZw==",
      "requires": {
        "@vue/compiler-dom": "3.2.36",
        "@vue/compiler-sfc": "3.2.36",
        "@vue/runtime-dom": "3.2.36",
        "@vue/server-renderer": "3.2.36",
        "@vue/shared": "3.2.36"
      }
    }
  }
}
